
Microsoft Visual Studio Solution File, Format Version 12.00
# Visual Studio 2012
Project("{FAE04EC0-301F-11D3-BF4B-00C04F79EFBC}") = "OOPC-Chapter1", "OOPC-Chapter1\OOPC-Chapter1.csproj", "{E2EB6042-4A3F-4477-B579-56C80DD9F500}"
EndProject
Project("{FAE04EC0-301F-11D3-BF4B-00C04F79EFBC}") = "OOPC-Chapter2", "OOPC-Chapter2\OOPC-Chapter2.csproj", "{FFDF29C5-7820-4F64-B39D-CF91E06305FA}"
EndProject
Project("{FAE04EC0-301F-11D3-BF4B-00C04F79EFBC}") = "OOPC-Chapter3", "OOPC-Chapter3\OOPC-Chapter3.csproj", "{F7F9FB46-93FA-424A-82A9-7F77F6F96A2A}"
EndProject
Project("{FAE04EC0-301F-11D3-BF4B-00C04F79EFBC}") = "OOPC-Chapter4", "OOPC-Chapter4\OOPC-Chapter4.csproj", "{BA63508E-A93B-4824-9A6C-83DD51263C00}"
EndProject
Project("{FAE04EC0-301F-11D3-BF4B-00C04F79EFBC}") = "OOPC-Chapter5", "OOPC-Chapter5\OOPC-Chapter5.csproj", "{58F4E80C-1471-4AA2-9420-1FEB5200E91E}"
EndProject
Global
	GlobalSection(SolutionConfigurationPlatforms) = preSolution
		Debug|x86 = Debug|x86
		Release|x86 = Release|x86
	EndGlobalSection
	GlobalSection(ProjectConfigurationPlatforms) = postSolution
		{E2EB6042-4A3F-4477-B579-56C80DD9F500}.Debug|x86.ActiveCfg = Debug|x86
		{E2EB6042-4A3F-4477-B579-56C80DD9F500}.Debug|x86.Build.0 = Debug|x86
		{E2EB6042-4A3F-4477-B579-56C80DD9F500}.Release|x86.ActiveCfg = Release|x86
		{E2EB6042-4A3F-4477-B579-56C80DD9F500}.Release|x86.Build.0 = Release|x86
		{FFDF29C5-7820-4F64-B39D-CF91E06305FA}.Debug|x86.ActiveCfg = Debug|x86
		{FFDF29C5-7820-4F64-B39D-CF91E06305FA}.Debug|x86.Build.0 = Debug|x86
		{FFDF29C5-7820-4F64-B39D-CF91E06305FA}.Release|x86.ActiveCfg = Release|x86
		{FFDF29C5-7820-4F64-B39D-CF91E06305FA}.Release|x86.Build.0 = Release|x86
		{F7F9FB46-93FA-424A-82A9-7F77F6F96A2A}.Debug|x86.ActiveCfg = Debug|x86
		{F7F9FB46-93FA-424A-82A9-7F77F6F96A2A}.Debug|x86.Build.0 = Debug|x86
		{F7F9FB46-93FA-424A-82A9-7F77F6F96A2A}.Release|x86.ActiveCfg = Release|x86
		{F7F9FB46-93FA-424A-82A9-7F77F6F96A2A}.Release|x86.Build.0 = Release|x86
		{BA63508E-A93B-4824-9A6C-83DD51263C00}.Debug|x86.ActiveCfg = Debug|x86
		{BA63508E-A93B-4824-9A6C-83DD51263C00}.Debug|x86.Build.0 = Debug|x86
		{BA63508E-A93B-4824-9A6C-83DD51263C00}.Release|x86.ActiveCfg = Release|x86
		{BA63508E-A93B-4824-9A6C-83DD51263C00}.Release|x86.Build.0 = Release|x86
		{58F4E80C-1471-4AA2-9420-1FEB5200E91E}.Debug|x86.ActiveCfg = Debug|x86
		{58F4E80C-1471-4AA2-9420-1FEB5200E91E}.Debug|x86.Build.0 = Debug|x86
		{58F4E80C-1471-4AA2-9420-1FEB5200E91E}.Release|x86.ActiveCfg = Release|x86
		{58F4E80C-1471-4AA2-9420-1FEB5200E91E}.Release|x86.Build.0 = Release|x86
	EndGlobalSection
EndGlobal
